{
  "name": "turbodepot-node",
  "version": "1.0.0",
  "lockfileVersion": 1,
  "requires": true,
  "dependencies": {
    "turbocommons-ts": {
      "version": "2.1.0",
      "resolved": "https://registry.npmjs.org/turbocommons-ts/-/turbocommons-ts-2.1.0.tgz",
      "integrity": "sha512-N/QokcNcBzIOCnHrCMpcXAVZI94LrAVMqE+0CwAKRdZkOZRzJ+a9ry1qjSIcL4WWq3yFcK7AbPwWjZxUlBnq5g=="
    }
  }
}
