{
  "name": "turbodepot-node",
  "version": "4.0.2",
  "lockfileVersion": 1,
  "requires": true,
  "dependencies": {
    "turbocommons-ts": {
      "version": "2.1.1",
      "resolved": "https://registry.npmjs.org/turbocommons-ts/-/turbocommons-ts-2.1.1.tgz",
      "integrity": "sha512-plDO1d6tfJr53EK18AFK9dGyHpnODo6gTuJKGZbL1Sq5Yb9kvBR8GYN9mTkDYg7vuCUbUf20ya1+VDTdVkeUvw=="
    }
  }
}
